
Microsoft Visual Studio Solution File, Format Version 12.00
# Visual Studio Version 16
VisualStudioVersion = 16.0.31613.86
MinimumVisualStudioVersion = 10.0.40219.1
Project("{FAE04EC0-301F-11D3-BF4B-00C04F79EFBC}") = "admPetShop", "admPetShop.csproj", "{B339F69E-3BFA-48CE-8000-4962139FA08A}"
EndProject
Global
	GlobalSection(SolutionConfigurationPlatforms) = preSolution
		Debug|Any CPU = Debug|Any CPU
		Release|Any CPU = Release|Any CPU
	EndGlobalSection
	GlobalSection(ProjectConfigurationPlatforms) = postSolution
		{B339F69E-3BFA-48CE-8000-4962139FA08A}.Debug|Any CPU.ActiveCfg = Debug|Any CPU
		{B339F69E-3BFA-48CE-8000-4962139FA08A}.Debug|Any CPU.Build.0 = Debug|Any CPU
		{B339F69E-3BFA-48CE-8000-4962139FA08A}.Release|Any CPU.ActiveCfg = Release|Any CPU
		{B339F69E-3BFA-48CE-8000-4962139FA08A}.Release|Any CPU.Build.0 = Release|Any CPU
	EndGlobalSection
	GlobalSection(SolutionProperties) = preSolution
		HideSolutionNode = FALSE
	EndGlobalSection
	GlobalSection(ExtensibilityGlobals) = postSolution
		SolutionGuid = {7DF72BD2-C885-4C72-817D-445839D9A01F}
	EndGlobalSection
EndGlobal
